PODS:
  - Reusable (4.0.4):
    - Reusable/Storyboard (= 4.0.4)
    - Reusable/View (= 4.0.4)
  - Reusable/Storyboard (4.0.4)
  - Reusable/View (4.0.4)
  - RxAtomic (4.4.0)
  - RxCocoa (4.4.0):
    - RxSwift (~> 4.0)
  - RxFlow (1.6.2):
    - RxCocoa (>= 4.3.0)
    - RxSwift (>= 4.3.0)
  - RxSwift (4.4.0):
    - RxAtomic (~> 4.4)
  - RxWebKit (0.3.7):
    - RxCocoa (~> 4.0)
    - RxSwift (~> 4.0)

DEPENDENCIES:
  - Reusable
  - RxFlow
  - RxWebKit

SPEC REPOS:
  https://github.com/cocoapods/specs.git:
    - Reusable
    - RxAtomic
    - RxCocoa
    - RxFlow
    - RxSwift
    - RxWebKit

SPEC CHECKSUMS:
  Reusable: 7fc772097df3e5fc86f59d8a7af9708e49b5ff55
  RxAtomic: eacf60db868c96bfd63320e28619fe29c179656f
  RxCocoa: df63ebf7b9a70d6b4eeea407ed5dd4efc8979749
  RxFlow: 2460b8f1d546a7536d3b259536357301030a4140
  RxSwift: 5976ecd04fc2fefd648827c23de5e11157faa973
  RxWebKit: e39e220919e5e24546c837f5f60689036a1e5920

PODFILE CHECKSUM: f526125b0bba9868ddba2d1fe679cfb61c34c273

COCOAPODS: 1.5.3
