PODS:
  - RxAtomic (4.4.0)
  - RxCocoa (4.4.0):
    - RxSwift (~> 4.0)
  - RxFlow (1.6.2):
    - RxCocoa (>= 4.3.0)
    - RxSwift (>= 4.3.0)
  - RxSwift (4.4.0):
    - RxAtomic (~> 4.4)

DEPENDENCIES:
  - RxFlow

SPEC REPOS:
  https://github.com/cocoapods/specs.git:
    - RxAtomic
    - RxCocoa
    - RxFlow
    - RxSwift

SPEC CHECKSUMS:
  RxAtomic: eacf60db868c96bfd63320e28619fe29c179656f
  RxCocoa: df63ebf7b9a70d6b4eeea407ed5dd4efc8979749
  RxFlow: 2460b8f1d546a7536d3b259536357301030a4140
  RxSwift: 5976ecd04fc2fefd648827c23de5e11157faa973

PODFILE CHECKSUM: 98ca6f217854c7e6e01bdad2f0f1154d91dc8e9e

COCOAPODS: 1.5.3
